
Microsoft Visual Studio Solution File, Format Version 12.00
# Visual Studio Version 17
VisualStudioVersion = 17.0.32112.339
MinimumVisualStudioVersion = 10.0.40219.1
Project("{2150E333-8FDC-42A3-9474-1A3956D46DE8}") = "src", "src", "{FC2FEEF6-A2DC-4723-B49C-C900CB3CB277}"
EndProject
Project("{2150E333-8FDC-42A3-9474-1A3956D46DE8}") = "tests", "tests", "{C95658A8-DC61-49BD-BD90-B0C54ABB9B41}"
EndProject
Project("{9A19103F-16F7-4668-BE54-9A1E7A4F7556}") = "Fiesta.Application", "src\Fiesta.Application\Fiesta.Application.csproj", "{723D9EA6-7424-4AFB-97F3-32857D5F1389}"
EndProject
Project("{9A19103F-16F7-4668-BE54-9A1E7A4F7556}") = "Fiesta.Domain", "src\Fiesta.Domain\Fiesta.Domain.csproj", "{BD02E6EE-D809-42AC-81DE-02571F8DFA61}"
EndProject
Project("{9A19103F-16F7-4668-BE54-9A1E7A4F7556}") = "Fiesta.Infrastracture", "src\Fiesta.Infrastracture\Fiesta.Infrastracture.csproj", "{DBEF4545-F8EE-4B2E-85CA-9D1D02B1F97E}"
EndProject
Project("{9A19103F-16F7-4668-BE54-9A1E7A4F7556}") = "Fiesta.WebApi", "src\Fiesta.WebApi\Fiesta.WebApi.csproj", "{3583EFA0-9BBE-4678-9868-5266D14372D3}"
EndProject
Project("{9A19103F-16F7-4668-BE54-9A1E7A4F7556}") = "TestBase", "tests\TestBase\TestBase.csproj", "{35CA8F89-A539-4713-983F-456BFD5D6D6F}"
EndProject
Project("{9A19103F-16F7-4668-BE54-9A1E7A4F7556}") = "Fiesta.WebApi.Tests", "tests\Fiesta.WebApi.Tests\Fiesta.WebApi.Tests.csproj", "{5358982C-7907-4D74-97E5-F222F88D3B41}"
EndProject
Project("{9A19103F-16F7-4668-BE54-9A1E7A4F7556}") = "Fiesta.Application.Tests", "tests\Fiesta.Application.Tests\Fiesta.Application.Tests.csproj", "{02A6050F-EB90-41BF-96DA-DA1966031405}"
EndProject
Global
	GlobalSection(SolutionConfigurationPlatforms) = preSolution
		Debug|Any CPU = Debug|Any CPU
		Release|Any CPU = Release|Any CPU
	EndGlobalSection
	GlobalSection(ProjectConfigurationPlatforms) = postSolution
		{723D9EA6-7424-4AFB-97F3-32857D5F1389}.Debug|Any CPU.ActiveCfg = Debug|Any CPU
		{723D9EA6-7424-4AFB-97F3-32857D5F1389}.Debug|Any CPU.Build.0 = Debug|Any CPU
		{723D9EA6-7424-4AFB-97F3-32857D5F1389}.Release|Any CPU.ActiveCfg = Release|Any CPU
		{723D9EA6-7424-4AFB-97F3-32857D5F1389}.Release|Any CPU.Build.0 = Release|Any CPU
		{BD02E6EE-D809-42AC-81DE-02571F8DFA61}.Debug|Any CPU.ActiveCfg = Debug|Any CPU
		{BD02E6EE-D809-42AC-81DE-02571F8DFA61}.Debug|Any CPU.Build.0 = Debug|Any CPU
		{BD02E6EE-D809-42AC-81DE-02571F8DFA61}.Release|Any CPU.ActiveCfg = Release|Any CPU
		{BD02E6EE-D809-42AC-81DE-02571F8DFA61}.Release|Any CPU.Build.0 = Release|Any CPU
		{DBEF4545-F8EE-4B2E-85CA-9D1D02B1F97E}.Debug|Any CPU.ActiveCfg = Debug|Any CPU
		{DBEF4545-F8EE-4B2E-85CA-9D1D02B1F97E}.Debug|Any CPU.Build.0 = Debug|Any CPU
		{DBEF4545-F8EE-4B2E-85CA-9D1D02B1F97E}.Release|Any CPU.ActiveCfg = Release|Any CPU
		{DBEF4545-F8EE-4B2E-85CA-9D1D02B1F97E}.Release|Any CPU.Build.0 = Release|Any CPU
		{3583EFA0-9BBE-4678-9868-5266D14372D3}.Debug|Any CPU.ActiveCfg = Debug|Any CPU
		{3583EFA0-9BBE-4678-9868-5266D14372D3}.Debug|Any CPU.Build.0 = Debug|Any CPU
		{3583EFA0-9BBE-4678-9868-5266D14372D3}.Release|Any CPU.ActiveCfg = Release|Any CPU
		{3583EFA0-9BBE-4678-9868-5266D14372D3}.Release|Any CPU.Build.0 = Release|Any CPU
		{35CA8F89-A539-4713-983F-456BFD5D6D6F}.Debug|Any CPU.ActiveCfg = Debug|Any CPU
		{35CA8F89-A539-4713-983F-456BFD5D6D6F}.Debug|Any CPU.Build.0 = Debug|Any CPU
		{35CA8F89-A539-4713-983F-456BFD5D6D6F}.Release|Any CPU.ActiveCfg = Release|Any CPU
		{35CA8F89-A539-4713-983F-456BFD5D6D6F}.Release|Any CPU.Build.0 = Release|Any CPU
		{5358982C-7907-4D74-97E5-F222F88D3B41}.Debug|Any CPU.ActiveCfg = Debug|Any CPU
		{5358982C-7907-4D74-97E5-F222F88D3B41}.Debug|Any CPU.Build.0 = Debug|Any CPU
		{5358982C-7907-4D74-97E5-F222F88D3B41}.Release|Any CPU.ActiveCfg = Release|Any CPU
		{5358982C-7907-4D74-97E5-F222F88D3B41}.Release|Any CPU.Build.0 = Release|Any CPU
		{02A6050F-EB90-41BF-96DA-DA1966031405}.Debug|Any CPU.ActiveCfg = Debug|Any CPU
		{02A6050F-EB90-41BF-96DA-DA1966031405}.Debug|Any CPU.Build.0 = Debug|Any CPU
		{02A6050F-EB90-41BF-96DA-DA1966031405}.Release|Any CPU.ActiveCfg = Release|Any CPU
		{02A6050F-EB90-41BF-96DA-DA1966031405}.Release|Any CPU.Build.0 = Release|Any CPU
	EndGlobalSection
	GlobalSection(SolutionProperties) = preSolution
		HideSolutionNode = FALSE
	EndGlobalSection
	GlobalSection(NestedProjects) = preSolution
		{723D9EA6-7424-4AFB-97F3-32857D5F1389} = {FC2FEEF6-A2DC-4723-B49C-C900CB3CB277}
		{BD02E6EE-D809-42AC-81DE-02571F8DFA61} = {FC2FEEF6-A2DC-4723-B49C-C900CB3CB277}
		{DBEF4545-F8EE-4B2E-85CA-9D1D02B1F97E} = {FC2FEEF6-A2DC-4723-B49C-C900CB3CB277}
		{3583EFA0-9BBE-4678-9868-5266D14372D3} = {FC2FEEF6-A2DC-4723-B49C-C900CB3CB277}
		{35CA8F89-A539-4713-983F-456BFD5D6D6F} = {C95658A8-DC61-49BD-BD90-B0C54ABB9B41}
		{5358982C-7907-4D74-97E5-F222F88D3B41} = {C95658A8-DC61-49BD-BD90-B0C54ABB9B41}
		{02A6050F-EB90-41BF-96DA-DA1966031405} = {C95658A8-DC61-49BD-BD90-B0C54ABB9B41}
	EndGlobalSection
	GlobalSection(ExtensibilityGlobals) = postSolution
		SolutionGuid = {509E8E62-A3E2-4EB3-AB7A-255E7E63A7FB}
	EndGlobalSection
EndGlobal
