
Microsoft Visual Studio Solution File, Format Version 12.00
# Visual Studio Version 16
VisualStudioVersion = 16.0.30717.126
MinimumVisualStudioVersion = 10.0.40219.1
Project("{9A19103F-16F7-4668-BE54-9A1E7A4F7556}") = "Fiesta.WebApi", "Fiesta.WebApi\Fiesta.WebApi.csproj", "{A9EFE883-5044-4551-A396-5191CF9F222B}"
EndProject
Project("{2150E333-8FDC-42A3-9474-1A3956D46DE8}") = "src", "src", "{FC2FEEF6-A2DC-4723-B49C-C900CB3CB277}"
EndProject
Project("{2150E333-8FDC-42A3-9474-1A3956D46DE8}") = "tests", "tests", "{C95658A8-DC61-49BD-BD90-B0C54ABB9B41}"
EndProject
Project("{9A19103F-16F7-4668-BE54-9A1E7A4F7556}") = "Fiesta.Infrastracture", "Fiesta.Infrastracture\Fiesta.Infrastracture.csproj", "{AE72CB2A-6E73-4927-BA4D-610E819EBEC7}"
EndProject
Project("{9A19103F-16F7-4668-BE54-9A1E7A4F7556}") = "Fiesta.Application", "Fiesta.Application\Fiesta.Application.csproj", "{714B8DF3-F144-4951-B9FD-976B18EFE597}"
EndProject
Project("{9A19103F-16F7-4668-BE54-9A1E7A4F7556}") = "Fiesta.Domain", "Fiesta.Domain\Fiesta.Domain.csproj", "{C5866FEE-2AD4-4BD1-B28E-5E8CD56D7B81}"
EndProject
Project("{9A19103F-16F7-4668-BE54-9A1E7A4F7556}") = "Fiesta.IntegrationTests", "Fiesta.IntegrationTests\Fiesta.IntegrationTests.csproj", "{76CC1857-B6C7-4A3B-BC45-A04F85D23FEB}"
EndProject
Project("{FAE04EC0-301F-11D3-BF4B-00C04F79EFBC}") = "Fiesta.Application.UnitTests", "Fiesta.Infrastracture.UnitTests\Fiesta.Application.UnitTests.csproj", "{24ACF9C6-F0A4-4901-BAB3-34BADB2898A4}"
EndProject
Global
	GlobalSection(SolutionConfigurationPlatforms) = preSolution
		Debug|Any CPU = Debug|Any CPU
		Release|Any CPU = Release|Any CPU
	EndGlobalSection
	GlobalSection(ProjectConfigurationPlatforms) = postSolution
		{A9EFE883-5044-4551-A396-5191CF9F222B}.Debug|Any CPU.ActiveCfg = Debug|Any CPU
		{A9EFE883-5044-4551-A396-5191CF9F222B}.Debug|Any CPU.Build.0 = Debug|Any CPU
		{A9EFE883-5044-4551-A396-5191CF9F222B}.Release|Any CPU.ActiveCfg = Release|Any CPU
		{A9EFE883-5044-4551-A396-5191CF9F222B}.Release|Any CPU.Build.0 = Release|Any CPU
		{AE72CB2A-6E73-4927-BA4D-610E819EBEC7}.Debug|Any CPU.ActiveCfg = Debug|Any CPU
		{AE72CB2A-6E73-4927-BA4D-610E819EBEC7}.Debug|Any CPU.Build.0 = Debug|Any CPU
		{AE72CB2A-6E73-4927-BA4D-610E819EBEC7}.Release|Any CPU.ActiveCfg = Release|Any CPU
		{AE72CB2A-6E73-4927-BA4D-610E819EBEC7}.Release|Any CPU.Build.0 = Release|Any CPU
		{714B8DF3-F144-4951-B9FD-976B18EFE597}.Debug|Any CPU.ActiveCfg = Debug|Any CPU
		{714B8DF3-F144-4951-B9FD-976B18EFE597}.Debug|Any CPU.Build.0 = Debug|Any CPU
		{714B8DF3-F144-4951-B9FD-976B18EFE597}.Release|Any CPU.ActiveCfg = Release|Any CPU
		{714B8DF3-F144-4951-B9FD-976B18EFE597}.Release|Any CPU.Build.0 = Release|Any CPU
		{C5866FEE-2AD4-4BD1-B28E-5E8CD56D7B81}.Debug|Any CPU.ActiveCfg = Debug|Any CPU
		{C5866FEE-2AD4-4BD1-B28E-5E8CD56D7B81}.Debug|Any CPU.Build.0 = Debug|Any CPU
		{C5866FEE-2AD4-4BD1-B28E-5E8CD56D7B81}.Release|Any CPU.ActiveCfg = Release|Any CPU
		{C5866FEE-2AD4-4BD1-B28E-5E8CD56D7B81}.Release|Any CPU.Build.0 = Release|Any CPU
		{76CC1857-B6C7-4A3B-BC45-A04F85D23FEB}.Debug|Any CPU.ActiveCfg = Debug|Any CPU
		{76CC1857-B6C7-4A3B-BC45-A04F85D23FEB}.Debug|Any CPU.Build.0 = Debug|Any CPU
		{76CC1857-B6C7-4A3B-BC45-A04F85D23FEB}.Release|Any CPU.ActiveCfg = Release|Any CPU
		{76CC1857-B6C7-4A3B-BC45-A04F85D23FEB}.Release|Any CPU.Build.0 = Release|Any CPU
		{24ACF9C6-F0A4-4901-BAB3-34BADB2898A4}.Debug|Any CPU.ActiveCfg = Debug|Any CPU
		{24ACF9C6-F0A4-4901-BAB3-34BADB2898A4}.Debug|Any CPU.Build.0 = Debug|Any CPU
		{24ACF9C6-F0A4-4901-BAB3-34BADB2898A4}.Release|Any CPU.ActiveCfg = Release|Any CPU
		{24ACF9C6-F0A4-4901-BAB3-34BADB2898A4}.Release|Any CPU.Build.0 = Release|Any CPU
	EndGlobalSection
	GlobalSection(SolutionProperties) = preSolution
		HideSolutionNode = FALSE
	EndGlobalSection
	GlobalSection(NestedProjects) = preSolution
		{A9EFE883-5044-4551-A396-5191CF9F222B} = {FC2FEEF6-A2DC-4723-B49C-C900CB3CB277}
		{AE72CB2A-6E73-4927-BA4D-610E819EBEC7} = {FC2FEEF6-A2DC-4723-B49C-C900CB3CB277}
		{714B8DF3-F144-4951-B9FD-976B18EFE597} = {FC2FEEF6-A2DC-4723-B49C-C900CB3CB277}
		{C5866FEE-2AD4-4BD1-B28E-5E8CD56D7B81} = {FC2FEEF6-A2DC-4723-B49C-C900CB3CB277}
		{76CC1857-B6C7-4A3B-BC45-A04F85D23FEB} = {C95658A8-DC61-49BD-BD90-B0C54ABB9B41}
		{24ACF9C6-F0A4-4901-BAB3-34BADB2898A4} = {C95658A8-DC61-49BD-BD90-B0C54ABB9B41}
	EndGlobalSection
	GlobalSection(ExtensibilityGlobals) = postSolution
		SolutionGuid = {509E8E62-A3E2-4EB3-AB7A-255E7E63A7FB}
	EndGlobalSection
EndGlobal
